
Microsoft Visual Studio Solution File, Format Version 12.00
# Visual Studio Version 16
VisualStudioVersion = 16.0.31729.503
MinimumVisualStudioVersion = 10.0.40219.1
Project("{FAE04EC0-301F-11D3-BF4B-00C04F79EFBC}") = "RPC", "RPC\RPC.csproj", "{29DA867A-5073-47E6-BC86-52A88F22CFC1}"
EndProject
Global
	GlobalSection(SolutionConfigurationPlatforms) = preSolution
		Debug|Any CPU = Debug|Any CPU
		Release|Any CPU = Release|Any CPU
	EndGlobalSection
	GlobalSection(ProjectConfigurationPlatforms) = postSolution
		{29DA867A-5073-47E6-BC86-52A88F22CFC1}.Debug|Any CPU.ActiveCfg = Debug|Any CPU
		{29DA867A-5073-47E6-BC86-52A88F22CFC1}.Debug|Any CPU.Build.0 = Debug|Any CPU
		{29DA867A-5073-47E6-BC86-52A88F22CFC1}.Release|Any CPU.ActiveCfg = Release|Any CPU
		{29DA867A-5073-47E6-BC86-52A88F22CFC1}.Release|Any CPU.Build.0 = Release|Any CPU
	EndGlobalSection
	GlobalSection(SolutionProperties) = preSolution
		HideSolutionNode = FALSE
	EndGlobalSection
	GlobalSection(ExtensibilityGlobals) = postSolution
		SolutionGuid = {00DC3BA5-477C-40FB-8221-31130F8AB4AA}
	EndGlobalSection
EndGlobal
